// !$*UTF8*$!
{
	archiveVersion = 1;
	classes = {
	};
	objectVersion = 55;
	objects = {

/* Begin PBXBuildFile section */
		6D1572F32835AD4D00667AB9 /* HomeViewController.swift in Sources */ = {isa = PBXBuildFile; fileRef = 6D1572F22835AD4D00667AB9 /* HomeViewController.swift */; };
		6D1572F52835B64700667AB9 /* RegisterViewController.swift in Sources */ = {isa = PBXBuildFile; fileRef = 6D1572F42835B64700667AB9 /* RegisterViewController.swift */; };
		6D1572F72835B66100667AB9 /* LoginViewController.swift in Sources */ = {isa = PBXBuildFile; fileRef = 6D1572F62835B66100667AB9 /* LoginViewController.swift */; };
		6D3A2E232812873C00092E5C /* AppDelegate.swift in Sources */ = {isa = PBXBuildFile; fileRef = 6D3A2E222812873C00092E5C /* AppDelegate.swift */; };
		6D3A2E252812873C00092E5C /* SceneDelegate.swift in Sources */ = {isa = PBXBuildFile; fileRef = 6D3A2E242812873C00092E5C /* SceneDelegate.swift */; };
		6D3A2E272812873C00092E5C /* WelcomeViewController.swift in Sources */ = {isa = PBXBuildFile; fileRef = 6D3A2E262812873C00092E5C /* WelcomeViewController.swift */; };
		6D3A2E2A2812873C00092E5C /* Main.storyboard in Resources */ = {isa = PBXBuildFile; fileRef = 6D3A2E282812873C00092E5C /* Main.storyboard */; };
		6D3A2E2C2812873D00092E5C /* Assets.xcassets in Resources */ = {isa = PBXBuildFile; fileRef = 6D3A2E2B2812873D00092E5C /* Assets.xcassets */; };
		6D3A2E2F2812873D00092E5C /* LaunchScreen.storyboard in Resources */ = {isa = PBXBuildFile; fileRef = 6D3A2E2D2812873D00092E5C /* LaunchScreen.storyboard */; };
/* End PBXBuildFile section */

/* Begin PBXFileReference section */
		6D1572F22835AD4D00667AB9 /* HomeViewController.swift */ = {isa = PBXFileReference; lastKnownFileType = sourcecode.swift; path = HomeViewController.swift; sourceTree = "<group>"; };
		6D1572F42835B64700667AB9 /* RegisterViewController.swift */ = {isa = PBXFileReference; lastKnownFileType = sourcecode.swift; path = RegisterViewController.swift; sourceTree = "<group>"; };
		6D1572F62835B66100667AB9 /* LoginViewController.swift */ = {isa = PBXFileReference; lastKnownFileType = sourcecode.swift; path = LoginViewController.swift; sourceTree = "<group>"; };
		6D3A2E1F2812873C00092E5C /* perfectRecipe.app */ = {isa = PBXFileReference; explicitFileType = wrapper.application; includeInIndex = 0; path = perfectRecipe.app; sourceTree = BUILT_PRODUCTS_DIR; };
		6D3A2E222812873C00092E5C /* AppDelegate.swift */ = {isa = PBXFileReference; lastKnownFileType = sourcecode.swift; path = AppDelegate.swift; sourceTree = "<group>"; };
		6D3A2E242812873C00092E5C /* SceneDelegate.swift */ = {isa = PBXFileReference; lastKnownFileType = sourcecode.swift; path = SceneDelegate.swift; sourceTree = "<group>"; };
		6D3A2E262812873C00092E5C /* WelcomeViewController.swift */ = {isa = PBXFileReference; lastKnownFileType = sourcecode.swift; path = WelcomeViewController.swift; sourceTree = "<group>"; };
		6D3A2E292812873C00092E5C /* Base */ = {isa = PBXFileReference; lastKnownFileType = file.storyboard; name = Base; path = Base.lproj/Main.storyboard; sourceTree = "<group>"; };
		6D3A2E2B2812873D00092E5C /* Assets.xcassets */ = {isa = PBXFileReference; lastKnownFileType = folder.assetcatalog; path = Assets.xcassets; sourceTree = "<group>"; };
		6D3A2E2E2812873D00092E5C /* Base */ = {isa = PBXFileReference; lastKnownFileType = file.storyboard; name = Base; path = Base.lproj/LaunchScreen.storyboard; sourceTree = "<group>"; };
		6D3A2E302812873D00092E5C /* Info.plist */ = {isa = PBXFileReference; lastKnownFileType = text.plist.xml; path = Info.plist; sourceTree = "<group>"; };
/* End PBXFileReference section */

/* Begin PBXFrameworksBuildPhase section */
		6D3A2E1C2812873C00092E5C /* Frameworks */ = {
			isa = PBXFrameworksBuildPhase;
			buildActionMask = 2147483647;
			files = (
			);
			runOnlyForDeploymentPostprocessing = 0;
		};
/* End PBXFrameworksBuildPhase section */

/* Begin PBXGroup section */
		6D3A2E162812873B00092E5C = {
			isa = PBXGroup;
			children = (
				6D3A2E212812873C00092E5C /* perfectRecipe */,
				6D3A2E202812873C00092E5C /* Products */,
			);
			sourceTree = "<group>";
		};
		6D3A2E202812873C00092E5C /* Products */ = {
			isa = PBXGroup;
			children = (
				6D3A2E1F2812873C00092E5C /* perfectRecipe.app */,
			);
			name = Products;
			sourceTree = "<group>";
		};
		6D3A2E212812873C00092E5C /* perfectRecipe */ = {
			isa = PBXGroup;
			children = (
				6D3A2E242812873C00092E5C /* SceneDelegate.swift */,
				6D3A2E222812873C00092E5C /* AppDelegate.swift */,
				6DBBC21A282C64DC0081BD39 /* Controllers */,
				6DBBC219282C64AB0081BD39 /* Views */,
				6D3A2E2B2812873D00092E5C /* Assets.xcassets */,
				6D3A2E2D2812873D00092E5C /* LaunchScreen.storyboard */,
				6D3A2E302812873D00092E5C /* Info.plist */,
			);
			path = perfectRecipe;
			sourceTree = "<group>";
		};
		6DBBC219282C64AB0081BD39 /* Views */ = {
			isa = PBXGroup;
			children = (
				6D3A2E282812873C00092E5C /* Main.storyboard */,
			);
			path = Views;
			sourceTree = "<group>";
		};
		6DBBC21A282C64DC0081BD39 /* Controllers */ = {
			isa = PBXGroup;
			children = (
				6D3A2E262812873C00092E5C /* WelcomeViewController.swift */,
				6D1572F22835AD4D00667AB9 /* HomeViewController.swift */,
				6D1572F42835B64700667AB9 /* RegisterViewController.swift */,
				6D1572F62835B66100667AB9 /* LoginViewController.swift */,
			);
			path = Controllers;
			sourceTree = "<group>";
		};
/* End PBXGroup section */

/* Begin PBXNativeTarget section */
		6D3A2E1E2812873C00092E5C /* perfectRecipe */ = {
			isa = PBXNativeTarget;
			buildConfigurationList = 6D3A2E332812873D00092E5C /* Build configuration list for PBXNativeTarget "perfectRecipe" */;
			buildPhases = (
				6D3A2E1B2812873C00092E5C /* Sources */,
				6D3A2E1C2812873C00092E5C /* Frameworks */,
				6D3A2E1D2812873C00092E5C /* Resources */,
			);
			buildRules = (
			);
			dependencies = (
			);
			name = perfectRecipe;
			productName = perfectRecipe;
			productReference = 6D3A2E1F2812873C00092E5C /* perfectRecipe.app */;
			productType = "com.apple.product-type.application";
		};
/* End PBXNativeTarget section */

/* Begin PBXProject section */
		6D3A2E172812873B00092E5C /* Project object */ = {
			isa = PBXProject;
			attributes = {
				BuildIndependentTargetsInParallel = 1;
				LastSwiftUpdateCheck = 1330;
				LastUpgradeCheck = 1330;
				TargetAttributes = {
					6D3A2E1E2812873C00092E5C = {
						CreatedOnToolsVersion = 13.3.1;
					};
				};
			};
			buildConfigurationList = 6D3A2E1A2812873B00092E5C /* Build configuration list for PBXProject "perfectRecipe" */;
			compatibilityVersion = "Xcode 13.0";
			developmentRegion = en;
			hasScannedForEncodings = 0;
			knownRegions = (
				en,
				Base,
			);
			mainGroup = 6D3A2E162812873B00092E5C;
			productRefGroup = 6D3A2E202812873C00092E5C /* Products */;
			projectDirPath = "";
			projectRoot = "";
			targets = (
				6D3A2E1E2812873C00092E5C /* perfectRecipe */,
			);
		};
/* End PBXProject section */

/* Begin PBXResourcesBuildPhase section */
		6D3A2E1D2812873C00092E5C /* Resources */ = {
			isa = PBXResourcesBuildPhase;
			buildActionMask = 2147483647;
			files = (
				6D3A2E2F2812873D00092E5C /* LaunchScreen.storyboard in Resources */,
				6D3A2E2C2812873D00092E5C /* Assets.xcassets in Resources */,
				6D3A2E2A2812873C00092E5C /* Main.storyboard in Resources */,
			);
			runOnlyForDeploymentPostprocessing = 0;
		};
/* End PBXResourcesBuildPhase section */

/* Begin PBXSourcesBuildPhase section */
		6D3A2E1B2812873C00092E5C /* Sources */ = {
			isa = PBXSourcesBuildPhase;
			buildActionMask = 2147483647;
			files = (
				6D1572F52835B64700667AB9 /* RegisterViewController.swift in Sources */,
				6D1572F72835B66100667AB9 /* LoginViewController.swift in Sources */,
				6D1572F32835AD4D00667AB9 /* HomeViewController.swift in Sources */,
				6D3A2E272812873C00092E5C /* WelcomeViewController.swift in Sources */,
				6D3A2E232812873C00092E5C /* AppDelegate.swift in Sources */,
				6D3A2E252812873C00092E5C /* SceneDelegate.swift in Sources */,
			);
			runOnlyForDeploymentPostprocessing = 0;
		};
/* End PBXSourcesBuildPhase section */

/* Begin PBXVariantGroup section */
		6D3A2E282812873C00092E5C /* Main.storyboard */ = {
			isa = PBXVariantGroup;
			children = (
				6D3A2E292812873C00092E5C /* Base */,
			);
			name = Main.storyboard;
			sourceTree = "<group>";
		};
		6D3A2E2D2812873D00092E5C /* LaunchScreen.storyboard */ = {
			isa = PBXVariantGroup;
			children = (
				6D3A2E2E2812873D00092E5C /* Base */,
			);
			name = LaunchScreen.storyboard;
			sourceTree = "<group>";
		};
/* End PBXVariantGroup section */

/* Begin XCBuildConfiguration section */
		6D3A2E312812873D00092E5C /* Debug */ = {
			isa = XCBuildConfiguration;
			buildSettings = {
				ALWAYS_SEARCH_USER_PATHS = NO;
				CLANG_ANALYZER_NONNULL = YES;
				CLANG_ANALYZER_NUMBER_OBJECT_CONVERSION = YES_AGGRESSIVE;
				CLANG_CXX_LANGUAGE_STANDARD = "gnu++17";
				CLANG_ENABLE_MODULES = YES;
				CLANG_ENABLE_OBJC_ARC = YES;
				CLANG_ENABLE_OBJC_WEAK = YES;
				CLANG_WARN_BLOCK_CAPTURE_AUTORELEASING = YES;
				CLANG_WARN_BOOL_CONVERSION = YES;
				CLANG_WARN_COMMA = YES;
				CLANG_WARN_CONSTANT_CONVERSION = YES;
				CLANG_WARN_DEPRECATED_OBJC_IMPLEMENTATIONS = YES;
				CLANG_WARN_DIRECT_OBJC_ISA_USAGE = YES_ERROR;
				CLANG_WARN_DOCUMENTATION_COMMENTS = YES;
				CLANG_WARN_EMPTY_BODY = YES;
				CLANG_WARN_ENUM_CONVERSION = YES;
				CLANG_WARN_INFINITE_RECURSION = YES;
				CLANG_WARN_INT_CONVERSION = YES;
				CLANG_WARN_NON_LITERAL_NULL_CONVERSION = YES;
				CLANG_WARN_OBJC_IMPLICIT_RETAIN_SELF = YES;
				CLANG_WARN_OBJC_LITERAL_CONVERSION = YES;
				CLANG_WARN_OBJC_ROOT_CLASS = YES_ERROR;
				CLANG_WARN_QUOTED_INCLUDE_IN_FRAMEWORK_HEADER = YES;
				CLANG_WARN_RANGE_LOOP_ANALYSIS = YES;
				CLANG_WARN_STRICT_PROTOTYPES = YES;
				CLANG_WARN_SUSPICIOUS_MOVE = YES;
				CLANG_WARN_UNGUARDED_AVAILABILITY = YES_AGGRESSIVE;
				CLANG_WARN_UNREACHABLE_CODE = YES;
				CLANG_WARN__DUPLICATE_METHOD_MATCH = YES;
				COPY_PHASE_STRIP = NO;
				DEBUG_INFORMATION_FORMAT = dwarf;
				ENABLE_STRICT_OBJC_MSGSEND = YES;
				ENABLE_TESTABILITY = YES;
				GCC_C_LANGUAGE_STANDARD = gnu11;
				GCC_DYNAMIC_NO_PIC = NO;
				GCC_NO_COMMON_BLOCKS = YES;
				GCC_OPTIMIZATION_LEVEL = 0;
				GCC_PREPROCESSOR_DEFINITIONS = (
					"DEBUG=1",
					"$(inherited)",
				);
				GCC_WARN_64_TO_32_BIT_CONVERSION = YES;
				GCC_WARN_ABOUT_RETURN_TYPE = YES_ERROR;
				GCC_WARN_UNDECLARED_SELECTOR = YES;
				GCC_WARN_UNINITIALIZED_AUTOS = YES_AGGRESSIVE;
				GCC_WARN_UNUSED_FUNCTION = YES;
				GCC_WARN_UNUSED_VARIABLE = YES;
				IPHONEOS_DEPLOYMENT_TARGET = 15.4;
				MTL_ENABLE_DEBUG_INFO = INCLUDE_SOURCE;
				MTL_FAST_MATH = YES;
				ONLY_ACTIVE_ARCH = YES;
				SDKROOT = iphoneos;
				SWIFT_ACTIVE_COMPILATION_CONDITIONS = DEBUG;
				SWIFT_OPTIMIZATION_LEVEL = "-Onone";
			};
			name = Debug;
		};
		6D3A2E322812873D00092E5C /* Release */ = {
			isa = XCBuildConfiguration;
			buildSettings = {
				ALWAYS_SEARCH_USER_PATHS = NO;
				CLANG_ANALYZER_NONNULL = YES;
				CLANG_ANALYZER_NUMBER_OBJECT_CONVERSION = YES_AGGRESSIVE;
				CLANG_CXX_LANGUAGE_STANDARD = "gnu++17";
				CLANG_ENABLE_MODULES = YES;
				CLANG_ENABLE_OBJC_ARC = YES;
				CLANG_ENABLE_OBJC_WEAK = YES;
				CLANG_WARN_BLOCK_CAPTURE_AUTORELEASING = YES;
				CLANG_WARN_BOOL_CONVERSION = YES;
				CLANG_WARN_COMMA = YES;
				CLANG_WARN_CONSTANT_CONVERSION = YES;
				CLANG_WARN_DEPRECATED_OBJC_IMPLEMENTATIONS = YES;
				CLANG_WARN_DIRECT_OBJC_ISA_USAGE = YES_ERROR;
				CLANG_WARN_DOCUMENTATION_COMMENTS = YES;
				CLANG_WARN_EMPTY_BODY = YES;
				CLANG_WARN_ENUM_CONVERSION = YES;
				CLANG_WARN_INFINITE_RECURSION = YES;
				CLANG_WARN_INT_CONVERSION = YES;
				CLANG_WARN_NON_LITERAL_NULL_CONVERSION = YES;
				CLANG_WARN_OBJC_IMPLICIT_RETAIN_SELF = YES;
				CLANG_WARN_OBJC_LITERAL_CONVERSION = YES;
				CLANG_WARN_OBJC_ROOT_CLASS = YES_ERROR;
				CLANG_WARN_QUOTED_INCLUDE_IN_FRAMEWORK_HEADER = YES;
				CLANG_WARN_RANGE_LOOP_ANALYSIS = YES;
				CLANG_WARN_STRICT_PROTOTYPES = YES;
				CLANG_WARN_SUSPICIOUS_MOVE = YES;
				CLANG_WARN_UNGUARDED_AVAILABILITY = YES_AGGRESSIVE;
				CLANG_WARN_UNREACHABLE_CODE = YES;
				CLANG_WARN__DUPLICATE_METHOD_MATCH = YES;
				COPY_PHASE_STRIP = NO;
				DEBUG_INFORMATION_FORMAT = "dwarf-with-dsym";
				ENABLE_NS_ASSERTIONS = NO;
				ENABLE_STRICT_OBJC_MSGSEND = YES;
				GCC_C_LANGUAGE_STANDARD = gnu11;
				GCC_NO_COMMON_BLOCKS = YES;
				GCC_WARN_64_TO_32_BIT_CONVERSION = YES;
				GCC_WARN_ABOUT_RETURN_TYPE = YES_ERROR;
				GCC_WARN_UNDECLARED_SELECTOR = YES;
				GCC_WARN_UNINITIALIZED_AUTOS = YES_AGGRESSIVE;
				GCC_WARN_UNUSED_FUNCTION = YES;
				GCC_WARN_UNUSED_VARIABLE = YES;
				IPHONEOS_DEPLOYMENT_TARGET = 15.4;
				MTL_ENABLE_DEBUG_INFO = NO;
				MTL_FAST_MATH = YES;
				SDKROOT = iphoneos;
				SWIFT_COMPILATION_MODE = wholemodule;
				SWIFT_OPTIMIZATION_LEVEL = "-O";
				VALIDATE_PRODUCT = YES;
			};
			name = Release;
		};
		6D3A2E342812873D00092E5C /* Debug */ = {
			isa = XCBuildConfiguration;
			buildSettings = {
				ASSETCATALOG_COMPILER_APPICON_NAME = AppIcon;
				ASSETCATALOG_COMPILER_GLOBAL_ACCENT_COLOR_NAME = AccentColor;
				CODE_SIGN_STYLE = Automatic;
				CURRENT_PROJECT_VERSION = 1;
				DEVELOPMENT_TEAM = 7SV3KMNZ4U;
				GENERATE_INFOPLIST_FILE = YES;
				INFOPLIST_FILE = perfectRecipe/Info.plist;
				INFOPLIST_KEY_UIApplicationSupportsIndirectInputEvents = YES;
				INFOPLIST_KEY_UILaunchStoryboardName = LaunchScreen;
				INFOPLIST_KEY_UIMainStoryboardFile = Main;
				INFOPLIST_KEY_UISupportedInterfaceOrientations_iPad = "UIInterfaceOrientationPortrait UIInterfaceOrientationPortraitUpsideDown UIInterfaceOrientationLandscapeLeft UIInterfaceOrientationLandscapeRight";
				INFOPLIST_KEY_UISupportedInterfaceOrientations_iPhone = "UIInterfaceOrientationPortrait UIInterfaceOrientationLandscapeLeft UIInterfaceOrientationLandscapeRight";
				LD_RUNPATH_SEARCH_PATHS = (
					"$(inherited)",
					"@executable_path/Frameworks",
				);
				MARKETING_VERSION = 1.0;
				PRODUCT_BUNDLE_IDENTIFIER = com.brianduong.perfectRecipe;
				PRODUCT_NAME = "$(TARGET_NAME)";
				SWIFT_EMIT_LOC_STRINGS = YES;
				SWIFT_VERSION = 5.0;
				TARGETED_DEVICE_FAMILY = "1,2";
			};
			name = Debug;
		};
		6D3A2E352812873D00092E5C /* Release */ = {
			isa = XCBuildConfiguration;
			buildSettings = {
				ASSETCATALOG_COMPILER_APPICON_NAME = AppIcon;
				ASSETCATALOG_COMPILER_GLOBAL_ACCENT_COLOR_NAME = AccentColor;
				CODE_SIGN_STYLE = Automatic;
				CURRENT_PROJECT_VERSION = 1;
				DEVELOPMENT_TEAM = 7SV3KMNZ4U;
				GENERATE_INFOPLIST_FILE = YES;
				INFOPLIST_FILE = perfectRecipe/Info.plist;
				INFOPLIST_KEY_UIApplicationSupportsIndirectInputEvents = YES;
				INFOPLIST_KEY_UILaunchStoryboardName = LaunchScreen;
				INFOPLIST_KEY_UIMainStoryboardFile = Main;
				INFOPLIST_KEY_UISupportedInterfaceOrientations_iPad = "UIInterfaceOrientationPortrait UIInterfaceOrientationPortraitUpsideDown UIInterfaceOrientationLandscapeLeft UIInterfaceOrientationLandscapeRight";
				INFOPLIST_KEY_UISupportedInterfaceOrientations_iPhone = "UIInterfaceOrientationPortrait UIInterfaceOrientationLandscapeLeft UIInterfaceOrientationLandscapeRight";
				LD_RUNPATH_SEARCH_PATHS = (
					"$(inherited)",
					"@executable_path/Frameworks",
				);
				MARKETING_VERSION = 1.0;
				PRODUCT_BUNDLE_IDENTIFIER = com.brianduong.perfectRecipe;
				PRODUCT_NAME = "$(TARGET_NAME)";
				SWIFT_EMIT_LOC_STRINGS = YES;
				SWIFT_VERSION = 5.0;
				TARGETED_DEVICE_FAMILY = "1,2";
			};
			name = Release;
		};
/* End XCBuildConfiguration section */

/* Begin XCConfigurationList section */
		6D3A2E1A2812873B00092E5C /* Build configuration list for PBXProject "perfectRecipe" */ = {
			isa = XCConfigurationList;
			buildConfigurations = (
				6D3A2E312812873D00092E5C /* Debug */,
				6D3A2E322812873D00092E5C /* Release */,
			);
			defaultConfigurationIsVisible = 0;
			defaultConfigurationName = Release;
		};
		6D3A2E332812873D00092E5C /* Build configuration list for PBXNativeTarget "perfectRecipe" */ = {
			isa = XCConfigurationList;
			buildConfigurations = (
				6D3A2E342812873D00092E5C /* Debug */,
				6D3A2E352812873D00092E5C /* Release */,
			);
			defaultConfigurationIsVisible = 0;
			defaultConfigurationName = Release;
		};
/* End XCConfigurationList section */
	};
	rootObject = 6D3A2E172812873B00092E5C /* Project object */;
}
